
Microsoft Visual Studio Solution File, Format Version 12.00
# Visual Studio Version 17
VisualStudioVersion = 17.13.35931.197 d17.13
MinimumVisualStudioVersion = 10.0.40219.1
Project("{8BC9CEB8-8B4A-11D0-8D11-00A0C91BC942}") = "Visualizer App", "Visualizer App.vcxproj", "{B6CADB84-DD05-4E0C-B257-240B3D720CDB}"
EndProject
Global
	GlobalSection(SolutionConfigurationPlatforms) = preSolution
		Debug|x64 = Debug|x64
		Debug|x86 = Debug|x86
		Release|x64 = Release|x64
		Release|x86 = Release|x86
	EndGlobalSection
	GlobalSection(ProjectConfigurationPlatforms) = postSolution
		{B6CADB84-DD05-4E0C-B257-240B3D720CDB}.Debug|x64.ActiveCfg = Debug|x64
		{B6CADB84-DD05-4E0C-B257-240B3D720CDB}.Debug|x64.Build.0 = Debug|x64
		{B6CADB84-DD05-4E0C-B257-240B3D720CDB}.Debug|x86.ActiveCfg = Debug|Win32
		{B6CADB84-DD05-4E0C-B257-240B3D720CDB}.Debug|x86.Build.0 = Debug|Win32
		{B6CADB84-DD05-4E0C-B257-240B3D720CDB}.Release|x64.ActiveCfg = Release|x64
		{B6CADB84-DD05-4E0C-B257-240B3D720CDB}.Release|x64.Build.0 = Release|x64
		{B6CADB84-DD05-4E0C-B257-240B3D720CDB}.Release|x86.ActiveCfg = Release|Win32
		{B6CADB84-DD05-4E0C-B257-240B3D720CDB}.Release|x86.Build.0 = Release|Win32
	EndGlobalSection
	GlobalSection(SolutionProperties) = preSolution
		HideSolutionNode = FALSE
	EndGlobalSection
	GlobalSection(ExtensibilityGlobals) = postSolution
		SolutionGuid = {575F0B8D-6FCD-4B12-A3AF-3EE74E17DF65}
	EndGlobalSection
EndGlobal
